
Microsoft Visual Studio Solution File, Format Version 12.00
# Visual Studio Version 16
VisualStudioVersion = 16.0.30503.244
MinimumVisualStudioVersion = 10.0.40219.1
Project("{FAE04EC0-301F-11D3-BF4B-00C04F79EFBC}") = "ApplicationIMDB", "ApplicationIMDB\ApplicationIMDB.csproj", "{B1B03292-C540-4CE0-A366-8C8091B65D29}"
EndProject
Project("{FAE04EC0-301F-11D3-BF4B-00C04F79EFBC}") = "IMDBDAL", "IMDBDAL\IMDBDAL.csproj", "{798A25A5-D45D-4B23-9FED-418167A3784E}"
EndProject
Global
	GlobalSection(SolutionConfigurationPlatforms) = preSolution
		Debug|Any CPU = Debug|Any CPU
		Release|Any CPU = Release|Any CPU
	EndGlobalSection
	GlobalSection(ProjectConfigurationPlatforms) = postSolution
		{B1B03292-C540-4CE0-A366-8C8091B65D29}.Debug|Any CPU.ActiveCfg = Debug|Any CPU
		{B1B03292-C540-4CE0-A366-8C8091B65D29}.Debug|Any CPU.Build.0 = Debug|Any CPU
		{B1B03292-C540-4CE0-A366-8C8091B65D29}.Release|Any CPU.ActiveCfg = Release|Any CPU
		{B1B03292-C540-4CE0-A366-8C8091B65D29}.Release|Any CPU.Build.0 = Release|Any CPU
		{798A25A5-D45D-4B23-9FED-418167A3784E}.Debug|Any CPU.ActiveCfg = Debug|Any CPU
		{798A25A5-D45D-4B23-9FED-418167A3784E}.Debug|Any CPU.Build.0 = Debug|Any CPU
		{798A25A5-D45D-4B23-9FED-418167A3784E}.Release|Any CPU.ActiveCfg = Release|Any CPU
		{798A25A5-D45D-4B23-9FED-418167A3784E}.Release|Any CPU.Build.0 = Release|Any CPU
	EndGlobalSection
	GlobalSection(SolutionProperties) = preSolution
		HideSolutionNode = FALSE
	EndGlobalSection
	GlobalSection(ExtensibilityGlobals) = postSolution
		SolutionGuid = {94C47253-26C6-4467-B5BA-043338C4A4E3}
	EndGlobalSection
EndGlobal
